// !$*UTF8*$!
{
	archiveVersion = 1;
	classes = {
	};
	objectVersion = 46;
	objects = {

/* Begin PBXBuildFile section */
		09A3E622006069212E1B6E11 /* Pods_ViperTest.framework in Frameworks */ = {isa = PBXBuildFile; fileRef = BF55F59DEAB3EDBC3D802C8A /* Pods_ViperTest.framework */; };
		4950B054524B149719E5C7A7 /* CustomProtocols.swift in Sources */ = {isa = PBXBuildFile; fileRef = 4950B5D5ECC387BDECA07E3F /* CustomProtocols.swift */; };
		4950B4E6DB1D78356EA7858C /* Cat.swift in Sources */ = {isa = PBXBuildFile; fileRef = 4950B35493D8FDA7D037F9CF /* Cat.swift */; };
		4950B50DDCE941424FA3D2DE /* LaunchScreen.storyboard in Resources */ = {isa = PBXBuildFile; fileRef = 4950B299A3E781EA4F303EC3 /* LaunchScreen.storyboard */; };
		4950B5624BA2D885BFAEF7F8 /* AppConstants.swift in Sources */ = {isa = PBXBuildFile; fileRef = 4950BB056C2D9846B793E2FD /* AppConstants.swift */; };
		4950B7E38C34A6C1A7267DE5 /* AppDelegate.swift in Sources */ = {isa = PBXBuildFile; fileRef = 4950BE860CFDE5B535BE1C69 /* AppDelegate.swift */; };
		4950B97B118DEC2F8DD79872 /* NoticeModel.swift in Sources */ = {isa = PBXBuildFile; fileRef = 4950BC234B9A6EBBB37EF3C7 /* NoticeModel.swift */; };
		4950BA89A162B2524010D651 /* ViperTestUITests.swift in Sources */ = {isa = PBXBuildFile; fileRef = 4950BD40A4884AF6723C1311 /* ViperTestUITests.swift */; };
		4950BB8CB3D858401BBCAF0D /* ViewController.swift in Sources */ = {isa = PBXBuildFile; fileRef = 4950B69AA8C3332EE1928D58 /* ViewController.swift */; };
		4950BD3556422A25023EC0BC /* Assets.xcassets in Resources */ = {isa = PBXBuildFile; fileRef = 4950B6769F193AAB2C172969 /* Assets.xcassets */; };
		4950BDF0FFE8F0AAF17BD60A /* Presenter.swift in Sources */ = {isa = PBXBuildFile; fileRef = 4950B9BE2F3947DE26066597 /* Presenter.swift */; };
		4950BE70DBC47E820F292C1A /* Router.swift in Sources */ = {isa = PBXBuildFile; fileRef = 4950B47159B5A6C46D74AF6F /* Router.swift */; };
		4950BEB86744EDFF45637537 /* ViperTestTests.swift in Sources */ = {isa = PBXBuildFile; fileRef = 4950B2263C80CC4CE218900A /* ViperTestTests.swift */; };
		4950BFFCE6DDBBEBE5BA2AE0 /* Interactor.swift in Sources */ = {isa = PBXBuildFile; fileRef = 4950B2E9220A84596A480D40 /* Interactor.swift */; };
		9AA6CB509413697D108BF3C0 /* Pods_ViperTestTests.framework in Frameworks */ = {isa = PBXBuildFile; fileRef = 2FD4102AEB928E098A5884AA /* Pods_ViperTestTests.framework */; };
		E593D27E08FC9A4057540046 /* Pods_ViperTest_ViperTestUITests.framework in Frameworks */ = {isa = PBXBuildFile; fileRef = C8B01F1C3CD9CB49A536CD4C /* Pods_ViperTest_ViperTestUITests.framework */; };
/* End PBXBuildFile section */

/* Begin PBXContainerItemProxy section */
		4950B25836E4EC6F4ACE5C17 /* PBXContainerItemProxy */ = {
			isa = PBXContainerItemProxy;
			containerPortal = 4950B4A0DC9CEDF2B897E093 /* Project object */;
			proxyType = 1;
			remoteGlobalIDString = 4950BB24BAF675B83276B8C6;
			remoteInfo = ViperTest;
		};
		4950B8A033644D5896764AE0 /* PBXContainerItemProxy */ = {
			isa = PBXContainerItemProxy;
			containerPortal = 4950B4A0DC9CEDF2B897E093 /* Project object */;
			proxyType = 1;
			remoteGlobalIDString = 4950BB24BAF675B83276B8C6;
			remoteInfo = ViperTest;
		};
/* End PBXContainerItemProxy section */

/* Begin PBXFileReference section */
		0E35C0B02C0588F3CE1D94AD /* Pods-ViperTest-ViperTestUITests.debug.xcconfig */ = {isa = PBXFileReference; includeInIndex = 1; lastKnownFileType = text.xcconfig; name = "Pods-ViperTest-ViperTestUITests.debug.xcconfig"; path = "Target Support Files/Pods-ViperTest-ViperTestUITests/Pods-ViperTest-ViperTestUITests.debug.xcconfig"; sourceTree = "<group>"; };
		2FD4102AEB928E098A5884AA /* Pods_ViperTestTests.framework */ = {isa = PBXFileReference; explicitFileType = wrapper.framework; includeInIndex = 0; path = Pods_ViperTestTests.framework; sourceTree = BUILT_PRODUCTS_DIR; };
		3488BABC644A952039E0F3CF /* Pods-ViperTest.release.xcconfig */ = {isa = PBXFileReference; includeInIndex = 1; lastKnownFileType = text.xcconfig; name = "Pods-ViperTest.release.xcconfig"; path = "Target Support Files/Pods-ViperTest/Pods-ViperTest.release.xcconfig"; sourceTree = "<group>"; };
		4950B2263C80CC4CE218900A /* ViperTestTests.swift */ = {isa = PBXFileReference; lastKnownFileType = sourcecode.swift; path = ViperTestTests.swift; sourceTree = "<group>"; };
		4950B2E9220A84596A480D40 /* Interactor.swift */ = {isa = PBXFileReference; fileEncoding = 4; lastKnownFileType = sourcecode.swift; path = Interactor.swift; sourceTree = "<group>"; };
		4950B35493D8FDA7D037F9CF /* Cat.swift */ = {isa = PBXFileReference; fileEncoding = 4; lastKnownFileType = sourcecode.swift; path = Cat.swift; sourceTree = "<group>"; };
		4950B36A582F2F0C64CC8560 /* Info.plist */ = {isa = PBXFileReference; lastKnownFileType = text.plist.info; path = Info.plist; sourceTree = "<group>"; };
		4950B3FCFC0C946C54735CE6 /* Info.plist */ = {isa = PBXFileReference; lastKnownFileType = text.plist.info; path = Info.plist; sourceTree = "<group>"; };
		4950B43C8A6FE28EAB5EEEEE /* ViperTest.app */ = {isa = PBXFileReference; explicitFileType = wrapper.application; includeInIndex = 0; path = ViperTest.app; sourceTree = BUILT_PRODUCTS_DIR; };
		4950B47159B5A6C46D74AF6F /* Router.swift */ = {isa = PBXFileReference; fileEncoding = 4; lastKnownFileType = sourcecode.swift; path = Router.swift; sourceTree = "<group>"; };
		4950B5D5ECC387BDECA07E3F /* CustomProtocols.swift */ = {isa = PBXFileReference; fileEncoding = 4; lastKnownFileType = sourcecode.swift; path = CustomProtocols.swift; sourceTree = "<group>"; };
		4950B6769F193AAB2C172969 /* Assets.xcassets */ = {isa = PBXFileReference; lastKnownFileType = folder.assetcatalog; path = Assets.xcassets; sourceTree = "<group>"; };
		4950B69AA8C3332EE1928D58 /* ViewController.swift */ = {isa = PBXFileReference; lastKnownFileType = sourcecode.swift; path = ViewController.swift; sourceTree = "<group>"; };
		4950B93761E2099D55B45584 /* Base */ = {isa = PBXFileReference; lastKnownFileType = file.storyboard; name = Base; path = Base.lproj/LaunchScreen.storyboard; sourceTree = "<group>"; };
		4950B9BE2F3947DE26066597 /* Presenter.swift */ = {isa = PBXFileReference; fileEncoding = 4; lastKnownFileType = sourcecode.swift; path = Presenter.swift; sourceTree = "<group>"; };
		4950BB056C2D9846B793E2FD /* AppConstants.swift */ = {isa = PBXFileReference; fileEncoding = 4; lastKnownFileType = sourcecode.swift; path = AppConstants.swift; sourceTree = "<group>"; };
		4950BC234B9A6EBBB37EF3C7 /* NoticeModel.swift */ = {isa = PBXFileReference; fileEncoding = 4; lastKnownFileType = sourcecode.swift; path = NoticeModel.swift; sourceTree = "<group>"; };
		4950BCC66974BB5D7EB46370 /* ViperTestTests.xctest */ = {isa = PBXFileReference; explicitFileType = wrapper.cfbundle; includeInIndex = 0; path = ViperTestTests.xctest; sourceTree = BUILT_PRODUCTS_DIR; };
		4950BD40A4884AF6723C1311 /* ViperTestUITests.swift */ = {isa = PBXFileReference; lastKnownFileType = sourcecode.swift; path = ViperTestUITests.swift; sourceTree = "<group>"; };
		4950BD97518C2CA38C8046AD /* Info.plist */ = {isa = PBXFileReference; lastKnownFileType = text.plist.info; path = Info.plist; sourceTree = "<group>"; };
		4950BE585E981B0B610B10C3 /* ViperTestUITests.xctest */ = {isa = PBXFileReference; explicitFileType = wrapper.cfbundle; includeInIndex = 0; path = ViperTestUITests.xctest; sourceTree = BUILT_PRODUCTS_DIR; };
		4950BE860CFDE5B535BE1C69 /* AppDelegate.swift */ = {isa = PBXFileReference; lastKnownFileType = sourcecode.swift; path = AppDelegate.swift; sourceTree = "<group>"; };
		90F2170A472EE0E8725E713E /* Pods-ViperTestTests.debug.xcconfig */ = {isa = PBXFileReference; includeInIndex = 1; lastKnownFileType = text.xcconfig; name = "Pods-ViperTestTests.debug.xcconfig"; path = "Target Support Files/Pods-ViperTestTests/Pods-ViperTestTests.debug.xcconfig"; sourceTree = "<group>"; };
		97CB24E7613E67282750E5A4 /* Pods-ViperTestTests.release.xcconfig */ = {isa = PBXFileReference; includeInIndex = 1; lastKnownFileType = text.xcconfig; name = "Pods-ViperTestTests.release.xcconfig"; path = "Target Support Files/Pods-ViperTestTests/Pods-ViperTestTests.release.xcconfig"; sourceTree = "<group>"; };
		BF233DE5343BECF5A99122CF /* Pods-ViperTest-ViperTestUITests.release.xcconfig */ = {isa = PBXFileReference; includeInIndex = 1; lastKnownFileType = text.xcconfig; name = "Pods-ViperTest-ViperTestUITests.release.xcconfig"; path = "Target Support Files/Pods-ViperTest-ViperTestUITests/Pods-ViperTest-ViperTestUITests.release.xcconfig"; sourceTree = "<group>"; };
		BF55F59DEAB3EDBC3D802C8A /* Pods_ViperTest.framework */ = {isa = PBXFileReference; explicitFileType = wrapper.framework; includeInIndex = 0; path = Pods_ViperTest.framework; sourceTree = BUILT_PRODUCTS_DIR; };
		C8B01F1C3CD9CB49A536CD4C /* Pods_ViperTest_ViperTestUITests.framework */ = {isa = PBXFileReference; explicitFileType = wrapper.framework; includeInIndex = 0; path = Pods_ViperTest_ViperTestUITests.framework; sourceTree = BUILT_PRODUCTS_DIR; };
		E62F9171F4080CE3A5FF36DA /* Pods-ViperTest.debug.xcconfig */ = {isa = PBXFileReference; includeInIndex = 1; lastKnownFileType = text.xcconfig; name = "Pods-ViperTest.debug.xcconfig"; path = "Target Support Files/Pods-ViperTest/Pods-ViperTest.debug.xcconfig"; sourceTree = "<group>"; };
/* End PBXFileReference section */

/* Begin PBXFrameworksBuildPhase section */
		4950BDDCFDE90300AFC16EC1 /* Frameworks */ = {
			isa = PBXFrameworksBuildPhase;
			buildActionMask = 2147483647;
			files = (
				E593D27E08FC9A4057540046 /* Pods_ViperTest_ViperTestUITests.framework in Frameworks */,
			);
			runOnlyForDeploymentPostprocessing = 0;
		};
		4950BFC1B0999E5DD11AFA8D /* Frameworks */ = {
			isa = PBXFrameworksBuildPhase;
			buildActionMask = 2147483647;
			files = (
				09A3E622006069212E1B6E11 /* Pods_ViperTest.framework in Frameworks */,
			);
			runOnlyForDeploymentPostprocessing = 0;
		};
		4950BFD7E31738C39E46A887 /* Frameworks */ = {
			isa = PBXFrameworksBuildPhase;
			buildActionMask = 2147483647;
			files = (
				9AA6CB509413697D108BF3C0 /* Pods_ViperTestTests.framework in Frameworks */,
			);
			runOnlyForDeploymentPostprocessing = 0;
		};
/* End PBXFrameworksBuildPhase section */

/* Begin PBXGroup section */
		4950B50FF3F13C854494EDB2 /* ViperTestTests */ = {
			isa = PBXGroup;
			children = (
				4950B36A582F2F0C64CC8560 /* Info.plist */,
				4950B2263C80CC4CE218900A /* ViperTestTests.swift */,
			);
			path = ViperTestTests;
			sourceTree = "<group>";
		};
		4950B6EA93CFEC015F51DEDC /* Products */ = {
			isa = PBXGroup;
			children = (
				4950B43C8A6FE28EAB5EEEEE /* ViperTest.app */,
				4950BCC66974BB5D7EB46370 /* ViperTestTests.xctest */,
				4950BE585E981B0B610B10C3 /* ViperTestUITests.xctest */,
			);
			name = Products;
			sourceTree = "<group>";
		};
		4950B7936DC3C2C2183AAF5D /* ViperTest */ = {
			isa = PBXGroup;
			children = (
				4950BD97518C2CA38C8046AD /* Info.plist */,
				4950B6769F193AAB2C172969 /* Assets.xcassets */,
				4950B299A3E781EA4F303EC3 /* LaunchScreen.storyboard */,
				4950BE860CFDE5B535BE1C69 /* AppDelegate.swift */,
				4950B69AA8C3332EE1928D58 /* ViewController.swift */,
				4950B5D5ECC387BDECA07E3F /* CustomProtocols.swift */,
				4950B9BE2F3947DE26066597 /* Presenter.swift */,
				4950BC234B9A6EBBB37EF3C7 /* NoticeModel.swift */,
				4950B2E9220A84596A480D40 /* Interactor.swift */,
				4950BB056C2D9846B793E2FD /* AppConstants.swift */,
				4950B47159B5A6C46D74AF6F /* Router.swift */,
				4950B35493D8FDA7D037F9CF /* Cat.swift */,
			);
			path = ViperTest;
			sourceTree = "<group>";
		};
		4950BD26A306F5D20175707D = {
			isa = PBXGroup;
			children = (
				4950B6EA93CFEC015F51DEDC /* Products */,
				4950B7936DC3C2C2183AAF5D /* ViperTest */,
				4950B50FF3F13C854494EDB2 /* ViperTestTests */,
				4950BFCFD102A86841C6027D /* ViperTestUITests */,
				D65A0C88F9DD6715F95F1E0B /* Pods */,
				97B87F30FBF7E03B0B174225 /* Frameworks */,
			);
			sourceTree = "<group>";
		};
		4950BFCFD102A86841C6027D /* ViperTestUITests */ = {
			isa = PBXGroup;
			children = (
				4950B3FCFC0C946C54735CE6 /* Info.plist */,
				4950BD40A4884AF6723C1311 /* ViperTestUITests.swift */,
			);
			path = ViperTestUITests;
			sourceTree = "<group>";
		};
		97B87F30FBF7E03B0B174225 /* Frameworks */ = {
			isa = PBXGroup;
			children = (
				BF55F59DEAB3EDBC3D802C8A /* Pods_ViperTest.framework */,
				C8B01F1C3CD9CB49A536CD4C /* Pods_ViperTest_ViperTestUITests.framework */,
				2FD4102AEB928E098A5884AA /* Pods_ViperTestTests.framework */,
			);
			name = Frameworks;
			sourceTree = "<group>";
		};
		D65A0C88F9DD6715F95F1E0B /* Pods */ = {
			isa = PBXGroup;
			children = (
				E62F9171F4080CE3A5FF36DA /* Pods-ViperTest.debug.xcconfig */,
				3488BABC644A952039E0F3CF /* Pods-ViperTest.release.xcconfig */,
				0E35C0B02C0588F3CE1D94AD /* Pods-ViperTest-ViperTestUITests.debug.xcconfig */,
				BF233DE5343BECF5A99122CF /* Pods-ViperTest-ViperTestUITests.release.xcconfig */,
				90F2170A472EE0E8725E713E /* Pods-ViperTestTests.debug.xcconfig */,
				97CB24E7613E67282750E5A4 /* Pods-ViperTestTests.release.xcconfig */,
			);
			name = Pods;
			path = Pods;
			sourceTree = "<group>";
		};
/* End PBXGroup section */

/* Begin PBXNativeTarget section */
		4950B917F9C6B7B12057D47E /* ViperTestUITests */ = {
			isa = PBXNativeTarget;
			buildConfigurationList = 4950BAE7AA56E71D169377FB /* Build configuration list for PBXNativeTarget "ViperTestUITests" */;
			buildPhases = (
				0AB7E01232C2630660F0B846 /* [CP] Check Pods Manifest.lock */,
				4950BA6994717F22232F4FCE /* Sources */,
				4950BDDCFDE90300AFC16EC1 /* Frameworks */,
				4950BD703CB2CDF7313601DC /* Resources */,
				4DEC358522051DEC4FFDFDC7 /* [CP] Embed Pods Frameworks */,
			);
			buildRules = (
			);
			dependencies = (
				4950B0F98158136275E8B37F /* PBXTargetDependency */,
			);
			name = ViperTestUITests;
			productName = ViperTestUITests;
			productReference = 4950BE585E981B0B610B10C3 /* ViperTestUITests.xctest */;
			productType = "com.apple.product-type.bundle.ui-testing";
		};
		4950BB24BAF675B83276B8C6 /* ViperTest */ = {
			isa = PBXNativeTarget;
			buildConfigurationList = 4950B4E4AC03EE10B511520D /* Build configuration list for PBXNativeTarget "ViperTest" */;
			buildPhases = (
				92C123A19818B4534831FC73 /* [CP] Check Pods Manifest.lock */,
				4950B7FD908839F8422EC503 /* Sources */,
				4950BFC1B0999E5DD11AFA8D /* Frameworks */,
				4950BAB16882B2CA8A0995AE /* Resources */,
				C7E470A543D9E15A227043D5 /* [CP] Embed Pods Frameworks */,
			);
			buildRules = (
			);
			dependencies = (
			);
			name = ViperTest;
			productName = ViperTest;
			productReference = 4950B43C8A6FE28EAB5EEEEE /* ViperTest.app */;
			productType = "com.apple.product-type.application";
		};
		4950BF99BC9E2D49CC665AF6 /* ViperTestTests */ = {
			isa = PBXNativeTarget;
			buildConfigurationList = 4950BC10A7360F516F26CEA7 /* Build configuration list for PBXNativeTarget "ViperTestTests" */;
			buildPhases = (
				1AC555F9734142E0B074732B /* [CP] Check Pods Manifest.lock */,
				4950B48F78BEC72028A6C070 /* Sources */,
				4950BFD7E31738C39E46A887 /* Frameworks */,
				4950B1B9720DED5353C0C764 /* Resources */,
			);
			buildRules = (
			);
			dependencies = (
				4950B87F603C2A8153A20F5B /* PBXTargetDependency */,
			);
			name = ViperTestTests;
			productName = ViperTestTests;
			productReference = 4950BCC66974BB5D7EB46370 /* ViperTestTests.xctest */;
			productType = "com.apple.product-type.bundle.unit-test";
		};
/* End PBXNativeTarget section */

/* Begin PBXProject section */
		4950B4A0DC9CEDF2B897E093 /* Project object */ = {
			isa = PBXProject;
			attributes = {
				ORGANIZATIONNAME = TrotterIndependent;
			};
			buildConfigurationList = 4950B29DC28C6564C01B7D34 /* Build configuration list for PBXProject "ViperTest" */;
			compatibilityVersion = "Xcode 3.2";
			developmentRegion = English;
			hasScannedForEncodings = 0;
			knownRegions = (
				English,
				en,
				Base,
			);
			mainGroup = 4950BD26A306F5D20175707D;
			productRefGroup = 4950B6EA93CFEC015F51DEDC /* Products */;
			projectDirPath = "";
			projectRoot = "";
			targets = (
				4950BB24BAF675B83276B8C6 /* ViperTest */,
				4950BF99BC9E2D49CC665AF6 /* ViperTestTests */,
				4950B917F9C6B7B12057D47E /* ViperTestUITests */,
			);
		};
/* End PBXProject section */

/* Begin PBXResourcesBuildPhase section */
		4950B1B9720DED5353C0C764 /* Resources */ = {
			isa = PBXResourcesBuildPhase;
			buildActionMask = 2147483647;
			files = (
			);
			runOnlyForDeploymentPostprocessing = 0;
		};
		4950BAB16882B2CA8A0995AE /* Resources */ = {
			isa = PBXResourcesBuildPhase;
			buildActionMask = 2147483647;
			files = (
				4950BD3556422A25023EC0BC /* Assets.xcassets in Resources */,
				4950B50DDCE941424FA3D2DE /* LaunchScreen.storyboard in Resources */,
			);
			runOnlyForDeploymentPostprocessing = 0;
		};
		4950BD703CB2CDF7313601DC /* Resources */ = {
			isa = PBXResourcesBuildPhase;
			buildActionMask = 2147483647;
			files = (
			);
			runOnlyForDeploymentPostprocessing = 0;
		};
/* End PBXResourcesBuildPhase section */

/* Begin PBXShellScriptBuildPhase section */
		0AB7E01232C2630660F0B846 /* [CP] Check Pods Manifest.lock */ = {
			isa = PBXShellScriptBuildPhase;
			buildActionMask = 2147483647;
			files = (
			);
			inputFileListPaths = (
			);
			inputPaths = (
				"${PODS_PODFILE_DIR_PATH}/Podfile.lock",
				"${PODS_ROOT}/Manifest.lock",
			);
			name = "[CP] Check Pods Manifest.lock";
			outputFileListPaths = (
			);
			outputPaths = (
				"$(DERIVED_FILE_DIR)/Pods-ViperTest-ViperTestUITests-checkManifestLockResult.txt",
			);
			runOnlyForDeploymentPostprocessing = 0;
			shellPath = /bin/sh;
			shellScript = "diff \"${PODS_PODFILE_DIR_PATH}/Podfile.lock\" \"${PODS_ROOT}/Manifest.lock\" > /dev/null\nif [ $? != 0 ] ; then\n    # print error to STDERR\n    echo \"error: The sandbox is not in sync with the Podfile.lock. Run 'pod install' or update your CocoaPods installation.\" >&2\n    exit 1\nfi\n# This output is used by Xcode 'outputs' to avoid re-running this script phase.\necho \"SUCCESS\" > \"${SCRIPT_OUTPUT_FILE_0}\"\n";
			showEnvVarsInLog = 0;
		};
		1AC555F9734142E0B074732B /* [CP] Check Pods Manifest.lock */ = {
			isa = PBXShellScriptBuildPhase;
			buildActionMask = 2147483647;
			files = (
			);
			inputFileListPaths = (
			);
			inputPaths = (
				"${PODS_PODFILE_DIR_PATH}/Podfile.lock",
				"${PODS_ROOT}/Manifest.lock",
			);
			name = "[CP] Check Pods Manifest.lock";
			outputFileListPaths = (
			);
			outputPaths = (
				"$(DERIVED_FILE_DIR)/Pods-ViperTestTests-checkManifestLockResult.txt",
			);
			runOnlyForDeploymentPostprocessing = 0;
			shellPath = /bin/sh;
			shellScript = "diff \"${PODS_PODFILE_DIR_PATH}/Podfile.lock\" \"${PODS_ROOT}/Manifest.lock\" > /dev/null\nif [ $? != 0 ] ; then\n    # print error to STDERR\n    echo \"error: The sandbox is not in sync with the Podfile.lock. Run 'pod install' or update your CocoaPods installation.\" >&2\n    exit 1\nfi\n# This output is used by Xcode 'outputs' to avoid re-running this script phase.\necho \"SUCCESS\" > \"${SCRIPT_OUTPUT_FILE_0}\"\n";
			showEnvVarsInLog = 0;
		};
		4DEC358522051DEC4FFDFDC7 /* [CP] Embed Pods Frameworks */ = {
			isa = PBXShellScriptBuildPhase;
			buildActionMask = 2147483647;
			files = (
			);
			inputPaths = (
				"${PODS_ROOT}/Target Support Files/Pods-ViperTest-ViperTestUITests/Pods-ViperTest-ViperTestUITests-frameworks.sh",
				"${BUILT_PRODUCTS_DIR}/Alamofire/Alamofire.framework",
				"${BUILT_PRODUCTS_DIR}/AlamofireImage/AlamofireImage.framework",
			);
			name = "[CP] Embed Pods Frameworks";
			outputPaths = (
				"${TARGET_BUILD_DIR}/${FRAMEWORKS_FOLDER_PATH}/Alamofire.framework",
				"${TARGET_BUILD_DIR}/${FRAMEWORKS_FOLDER_PATH}/AlamofireImage.framework",
			);
			runOnlyForDeploymentPostprocessing = 0;
			shellPath = /bin/sh;
			shellScript = "\"${PODS_ROOT}/Target Support Files/Pods-ViperTest-ViperTestUITests/Pods-ViperTest-ViperTestUITests-frameworks.sh\"\n";
			showEnvVarsInLog = 0;
		};
		92C123A19818B4534831FC73 /* [CP] Check Pods Manifest.lock */ = {
			isa = PBXShellScriptBuildPhase;
			buildActionMask = 2147483647;
			files = (
			);
			inputFileListPaths = (
			);
			inputPaths = (
				"${PODS_PODFILE_DIR_PATH}/Podfile.lock",
				"${PODS_ROOT}/Manifest.lock",
			);
			name = "[CP] Check Pods Manifest.lock";
			outputFileListPaths = (
			);
			outputPaths = (
				"$(DERIVED_FILE_DIR)/Pods-ViperTest-checkManifestLockResult.txt",
			);
			runOnlyForDeploymentPostprocessing = 0;
			shellPath = /bin/sh;
			shellScript = "diff \"${PODS_PODFILE_DIR_PATH}/Podfile.lock\" \"${PODS_ROOT}/Manifest.lock\" > /dev/null\nif [ $? != 0 ] ; then\n    # print error to STDERR\n    echo \"error: The sandbox is not in sync with the Podfile.lock. Run 'pod install' or update your CocoaPods installation.\" >&2\n    exit 1\nfi\n# This output is used by Xcode 'outputs' to avoid re-running this script phase.\necho \"SUCCESS\" > \"${SCRIPT_OUTPUT_FILE_0}\"\n";
			showEnvVarsInLog = 0;
		};
		C7E470A543D9E15A227043D5 /* [CP] Embed Pods Frameworks */ = {
			isa = PBXShellScriptBuildPhase;
			buildActionMask = 2147483647;
			files = (
			);
			inputPaths = (
				"${PODS_ROOT}/Target Support Files/Pods-ViperTest/Pods-ViperTest-frameworks.sh",
				"${BUILT_PRODUCTS_DIR}/Alamofire/Alamofire.framework",
				"${BUILT_PRODUCTS_DIR}/AlamofireImage/AlamofireImage.framework",
			);
			name = "[CP] Embed Pods Frameworks";
			outputPaths = (
				"${TARGET_BUILD_DIR}/${FRAMEWORKS_FOLDER_PATH}/Alamofire.framework",
				"${TARGET_BUILD_DIR}/${FRAMEWORKS_FOLDER_PATH}/AlamofireImage.framework",
			);
			runOnlyForDeploymentPostprocessing = 0;
			shellPath = /bin/sh;
			shellScript = "\"${PODS_ROOT}/Target Support Files/Pods-ViperTest/Pods-ViperTest-frameworks.sh\"\n";
			showEnvVarsInLog = 0;
		};
/* End PBXShellScriptBuildPhase section */

/* Begin PBXSourcesBuildPhase section */
		4950B48F78BEC72028A6C070 /* Sources */ = {
			isa = PBXSourcesBuildPhase;
			buildActionMask = 2147483647;
			files = (
				4950BEB86744EDFF45637537 /* ViperTestTests.swift in Sources */,
			);
			runOnlyForDeploymentPostprocessing = 0;
		};
		4950B7FD908839F8422EC503 /* Sources */ = {
			isa = PBXSourcesBuildPhase;
			buildActionMask = 2147483647;
			files = (
				4950B7E38C34A6C1A7267DE5 /* AppDelegate.swift in Sources */,
				4950BB8CB3D858401BBCAF0D /* ViewController.swift in Sources */,
				4950B054524B149719E5C7A7 /* CustomProtocols.swift in Sources */,
				4950BDF0FFE8F0AAF17BD60A /* Presenter.swift in Sources */,
				4950B97B118DEC2F8DD79872 /* NoticeModel.swift in Sources */,
				4950BFFCE6DDBBEBE5BA2AE0 /* Interactor.swift in Sources */,
				4950B5624BA2D885BFAEF7F8 /* AppConstants.swift in Sources */,
				4950BE70DBC47E820F292C1A /* Router.swift in Sources */,
				4950B4E6DB1D78356EA7858C /* Cat.swift in Sources */,
			);
			runOnlyForDeploymentPostprocessing = 0;
		};
		4950BA6994717F22232F4FCE /* Sources */ = {
			isa = PBXSourcesBuildPhase;
			buildActionMask = 2147483647;
			files = (
				4950BA89A162B2524010D651 /* ViperTestUITests.swift in Sources */,
			);
			runOnlyForDeploymentPostprocessing = 0;
		};
/* End PBXSourcesBuildPhase section */

/* Begin PBXTargetDependency section */
		4950B0F98158136275E8B37F /* PBXTargetDependency */ = {
			isa = PBXTargetDependency;
			target = 4950BB24BAF675B83276B8C6 /* ViperTest */;
			targetProxy = 4950B8A033644D5896764AE0 /* PBXContainerItemProxy */;
		};
		4950B87F603C2A8153A20F5B /* PBXTargetDependency */ = {
			isa = PBXTargetDependency;
			target = 4950BB24BAF675B83276B8C6 /* ViperTest */;
			targetProxy = 4950B25836E4EC6F4ACE5C17 /* PBXContainerItemProxy */;
		};
/* End PBXTargetDependency section */

/* Begin PBXVariantGroup section */
		4950B299A3E781EA4F303EC3 /* LaunchScreen.storyboard */ = {
			isa = PBXVariantGroup;
			children = (
				4950B93761E2099D55B45584 /* Base */,
			);
			name = LaunchScreen.storyboard;
			sourceTree = "<group>";
		};
/* End PBXVariantGroup section */

/* Begin XCBuildConfiguration section */
		4950B056B618190E314E787A /* Debug */ = {
			isa = XCBuildConfiguration;
			buildSettings = {
				ALWAYS_SEARCH_USER_PATHS = NO;
				CLANG_ANALYZER_NONNULL = YES;
				CLANG_ANALYZER_NUMBER_OBJECT_CONVERSION = YES_AGGRESSIVE;
				CLANG_CXX_LANGUAGE_STANDARD = "gnu++14";
				CLANG_CXX_LIBRARY = "libc++";
				CLANG_ENABLE_MODULES = YES;
				CLANG_ENABLE_OBJC_ARC = YES;
				CLANG_ENABLE_OBJC_WEAK = YES;
				CLANG_WARN_BLOCK_CAPTURE_AUTORELEASING = YES;
				CLANG_WARN_BOOL_CONVERSION = YES;
				CLANG_WARN_COMMA = YES;
				CLANG_WARN_CONSTANT_CONVERSION = YES;
				CLANG_WARN_DEPRECATED_OBJC_IMPLEMENTATIONS = YES;
				CLANG_WARN_DIRECT_OBJC_ISA_USAGE = YES_ERROR;
				CLANG_WARN_DOCUMENTATION_COMMENTS = YES;
				CLANG_WARN_EMPTY_BODY = YES;
				CLANG_WARN_ENUM_CONVERSION = YES;
				CLANG_WARN_INFINITE_RECURSION = YES;
				CLANG_WARN_INT_CONVERSION = YES;
				CLANG_WARN_NON_LITERAL_NULL_CONVERSION = YES;
				CLANG_WARN_OBJC_IMPLICIT_RETAIN_SELF = YES;
				CLANG_WARN_OBJC_LITERAL_CONVERSION = YES;
				CLANG_WARN_OBJC_ROOT_CLASS = YES_ERROR;
				CLANG_WARN_RANGE_LOOP_ANALYSIS = YES;
				CLANG_WARN_STRICT_PROTOTYPES = YES;
				CLANG_WARN_SUSPICIOUS_MOVE = YES;
				CLANG_WARN_UNGUARDED_AVAILABILITY = YES_AGGRESSIVE;
				CLANG_WARN_UNREACHABLE_CODE = YES;
				CLANG_WARN__DUPLICATE_METHOD_MATCH = YES;
				COPY_PHASE_STRIP = NO;
				DEBUG_INFORMATION_FORMAT = dwarf;
				ENABLE_STRICT_OBJC_MSGSEND = YES;
				ENABLE_TESTABILITY = YES;
				GCC_C_LANGUAGE_STANDARD = gnu11;
				GCC_DYNAMIC_NO_PIC = NO;
				GCC_NO_COMMON_BLOCKS = YES;
				GCC_OPTIMIZATION_LEVEL = 0;
				GCC_PREPROCESSOR_DEFINITIONS = (
					"DEBUG=1",
					"$(inherited)",
				);
				GCC_WARN_64_TO_32_BIT_CONVERSION = YES;
				GCC_WARN_ABOUT_RETURN_TYPE = YES_ERROR;
				GCC_WARN_UNDECLARED_SELECTOR = YES;
				GCC_WARN_UNINITIALIZED_AUTOS = YES_AGGRESSIVE;
				GCC_WARN_UNUSED_FUNCTION = YES;
				GCC_WARN_UNUSED_VARIABLE = YES;
				IPHONEOS_DEPLOYMENT_TARGET = 13.6;
				MTL_ENABLE_DEBUG_INFO = INCLUDE_SOURCE;
				MTL_FAST_MATH = YES;
				ONLY_ACTIVE_ARCH = YES;
				SDKROOT = iphoneos;
				SWIFT_ACTIVE_COMPILATION_CONDITIONS = DEBUG;
				SWIFT_OPTIMIZATION_LEVEL = "-Onone";
			};
			name = Debug;
		};
		4950B1EF4C47A173F5D515C3 /* Debug */ = {
			isa = XCBuildConfiguration;
			baseConfigurationReference = E62F9171F4080CE3A5FF36DA /* Pods-ViperTest.debug.xcconfig */;
			buildSettings = {
				ASSETCATALOG_COMPILER_APPICON_NAME = AppIcon;
				INFOPLIST_FILE = ViperTest/Info.plist;
				LD_RUNPATH_SEARCH_PATHS = "$(inherited) @executable_path/Frameworks";
				PRODUCT_BUNDLE_IDENTIFIER = com.zero.ViperTest;
				PRODUCT_NAME = "$(TARGET_NAME)";
				SWIFT_VERSION = 5.0;
				TARGETED_DEVICE_FAMILY = "1,2";
			};
			name = Debug;
		};
		4950B2F83F67CF8D1ED08408 /* Release */ = {
			isa = XCBuildConfiguration;
			baseConfigurationReference = BF233DE5343BECF5A99122CF /* Pods-ViperTest-ViperTestUITests.release.xcconfig */;
			buildSettings = {
				INFOPLIST_FILE = ViperTestUITests/Info.plist;
				LD_RUNPATH_SEARCH_PATHS = "$(inherited) @executable_path/Frameworks @loader_path/Frameworks";
				PRODUCT_BUNDLE_IDENTIFIER = com.zero.ViperTestUITests;
				PRODUCT_NAME = "$(TARGET_NAME)";
				SWIFT_VERSION = 5.0;
				TARGETED_DEVICE_FAMILY = "1,2";
				TEST_TARGET_NAME = ViperTest;
			};
			name = Release;
		};
		4950B67AABDB7E79D63C4161 /* Debug */ = {
			isa = XCBuildConfiguration;
			baseConfigurationReference = 0E35C0B02C0588F3CE1D94AD /* Pods-ViperTest-ViperTestUITests.debug.xcconfig */;
			buildSettings = {
				INFOPLIST_FILE = ViperTestUITests/Info.plist;
				LD_RUNPATH_SEARCH_PATHS = "$(inherited) @executable_path/Frameworks @loader_path/Frameworks";
				PRODUCT_BUNDLE_IDENTIFIER = com.zero.ViperTestUITests;
				PRODUCT_NAME = "$(TARGET_NAME)";
				SWIFT_VERSION = 5.0;
				TARGETED_DEVICE_FAMILY = "1,2";
				TEST_TARGET_NAME = ViperTest;
			};
			name = Debug;
		};
		4950B88B99F3A774CF7457F5 /* Release */ = {
			isa = XCBuildConfiguration;
			baseConfigurationReference = 97CB24E7613E67282750E5A4 /* Pods-ViperTestTests.release.xcconfig */;
			buildSettings = {
				BUNDLE_LOADER = "$(BUILT_PRODUCTS_DIR)/ViperTest.app/ViperTest";
				INFOPLIST_FILE = ViperTestTests/Info.plist;
				LD_RUNPATH_SEARCH_PATHS = "$(inherited) @executable_path/Frameworks @loader_path/Frameworks";
				PRODUCT_BUNDLE_IDENTIFIER = com.zero.ViperTestTests;
				PRODUCT_NAME = "$(TARGET_NAME)";
				SWIFT_VERSION = 5.0;
				TARGETED_DEVICE_FAMILY = "1,2";
				TEST_HOST = "$(BUNDLE_LOADER)";
			};
			name = Release;
		};
		4950BA36F18662FCE520BD19 /* Debug */ = {
			isa = XCBuildConfiguration;
			baseConfigurationReference = 90F2170A472EE0E8725E713E /* Pods-ViperTestTests.debug.xcconfig */;
			buildSettings = {
				BUNDLE_LOADER = "$(BUILT_PRODUCTS_DIR)/ViperTest.app/ViperTest";
				INFOPLIST_FILE = ViperTestTests/Info.plist;
				LD_RUNPATH_SEARCH_PATHS = "$(inherited) @executable_path/Frameworks @loader_path/Frameworks";
				PRODUCT_BUNDLE_IDENTIFIER = com.zero.ViperTestTests;
				PRODUCT_NAME = "$(TARGET_NAME)";
				SWIFT_VERSION = 5.0;
				TARGETED_DEVICE_FAMILY = "1,2";
				TEST_HOST = "$(BUNDLE_LOADER)";
			};
			name = Debug;
		};
		4950BAA13AF34C3D82A87981 /* Release */ = {
			isa = XCBuildConfiguration;
			baseConfigurationReference = 3488BABC644A952039E0F3CF /* Pods-ViperTest.release.xcconfig */;
			buildSettings = {
				ASSETCATALOG_COMPILER_APPICON_NAME = AppIcon;
				INFOPLIST_FILE = ViperTest/Info.plist;
				LD_RUNPATH_SEARCH_PATHS = "$(inherited) @executable_path/Frameworks";
				PRODUCT_BUNDLE_IDENTIFIER = com.zero.ViperTest;
				PRODUCT_NAME = "$(TARGET_NAME)";
				SWIFT_VERSION = 5.0;
				TARGETED_DEVICE_FAMILY = "1,2";
			};
			name = Release;
		};
		4950BC132C27A56490B6A983 /* Release */ = {
			isa = XCBuildConfiguration;
			buildSettings = {
				ALWAYS_SEARCH_USER_PATHS = NO;
				CLANG_ANALYZER_NONNULL = YES;
				CLANG_ANALYZER_NUMBER_OBJECT_CONVERSION = YES_AGGRESSIVE;
				CLANG_CXX_LANGUAGE_STANDARD = "gnu++14";
				CLANG_CXX_LIBRARY = "libc++";
				CLANG_ENABLE_MODULES = YES;
				CLANG_ENABLE_OBJC_ARC = YES;
				CLANG_ENABLE_OBJC_WEAK = YES;
				CLANG_WARN_BLOCK_CAPTURE_AUTORELEASING = YES;
				CLANG_WARN_BOOL_CONVERSION = YES;
				CLANG_WARN_COMMA = YES;
				CLANG_WARN_CONSTANT_CONVERSION = YES;
				CLANG_WARN_DEPRECATED_OBJC_IMPLEMENTATIONS = YES;
				CLANG_WARN_DIRECT_OBJC_ISA_USAGE = YES_ERROR;
				CLANG_WARN_DOCUMENTATION_COMMENTS = YES;
				CLANG_WARN_EMPTY_BODY = YES;
				CLANG_WARN_ENUM_CONVERSION = YES;
				CLANG_WARN_INFINITE_RECURSION = YES;
				CLANG_WARN_INT_CONVERSION = YES;
				CLANG_WARN_NON_LITERAL_NULL_CONVERSION = YES;
				CLANG_WARN_OBJC_IMPLICIT_RETAIN_SELF = YES;
				CLANG_WARN_OBJC_LITERAL_CONVERSION = YES;
				CLANG_WARN_OBJC_ROOT_CLASS = YES_ERROR;
				CLANG_WARN_RANGE_LOOP_ANALYSIS = YES;
				CLANG_WARN_STRICT_PROTOTYPES = YES;
				CLANG_WARN_SUSPICIOUS_MOVE = YES;
				CLANG_WARN_UNGUARDED_AVAILABILITY = YES_AGGRESSIVE;
				CLANG_WARN_UNREACHABLE_CODE = YES;
				CLANG_WARN__DUPLICATE_METHOD_MATCH = YES;
				COPY_PHASE_STRIP = NO;
				DEBUG_INFORMATION_FORMAT = "dwarf-with-dsym";
				ENABLE_NS_ASSERTIONS = NO;
				ENABLE_STRICT_OBJC_MSGSEND = YES;
				GCC_C_LANGUAGE_STANDARD = gnu11;
				GCC_NO_COMMON_BLOCKS = YES;
				GCC_WARN_64_TO_32_BIT_CONVERSION = YES;
				GCC_WARN_ABOUT_RETURN_TYPE = YES_ERROR;
				GCC_WARN_UNDECLARED_SELECTOR = YES;
				GCC_WARN_UNINITIALIZED_AUTOS = YES_AGGRESSIVE;
				GCC_WARN_UNUSED_FUNCTION = YES;
				GCC_WARN_UNUSED_VARIABLE = YES;
				IPHONEOS_DEPLOYMENT_TARGET = 13.6;
				MTL_ENABLE_DEBUG_INFO = NO;
				MTL_FAST_MATH = YES;
				SDKROOT = iphoneos;
				SWIFT_OPTIMIZATION_LEVEL = "-Owholemodule";
				VALIDATE_PRODUCT = YES;
			};
			name = Release;
		};
/* End XCBuildConfiguration section */

/* Begin XCConfigurationList section */
		4950B29DC28C6564C01B7D34 /* Build configuration list for PBXProject "ViperTest" */ = {
			isa = XCConfigurationList;
			buildConfigurations = (
				4950B056B618190E314E787A /* Debug */,
				4950BC132C27A56490B6A983 /* Release */,
			);
			defaultConfigurationIsVisible = 0;
			defaultConfigurationName = Release;
		};
		4950B4E4AC03EE10B511520D /* Build configuration list for PBXNativeTarget "ViperTest" */ = {
			isa = XCConfigurationList;
			buildConfigurations = (
				4950B1EF4C47A173F5D515C3 /* Debug */,
				4950BAA13AF34C3D82A87981 /* Release */,
			);
			defaultConfigurationIsVisible = 0;
			defaultConfigurationName = Release;
		};
		4950BAE7AA56E71D169377FB /* Build configuration list for PBXNativeTarget "ViperTestUITests" */ = {
			isa = XCConfigurationList;
			buildConfigurations = (
				4950B67AABDB7E79D63C4161 /* Debug */,
				4950B2F83F67CF8D1ED08408 /* Release */,
			);
			defaultConfigurationIsVisible = 0;
			defaultConfigurationName = Release;
		};
		4950BC10A7360F516F26CEA7 /* Build configuration list for PBXNativeTarget "ViperTestTests" */ = {
			isa = XCConfigurationList;
			buildConfigurations = (
				4950BA36F18662FCE520BD19 /* Debug */,
				4950B88B99F3A774CF7457F5 /* Release */,
			);
			defaultConfigurationIsVisible = 0;
			defaultConfigurationName = Release;
		};
/* End XCConfigurationList section */
	};
	rootObject = 4950B4A0DC9CEDF2B897E093 /* Project object */;
}
